
Microsoft Visual Studio Solution File, Format Version 12.00
# Visual Studio Version 17
VisualStudioVersion = 17.0.32126.317
MinimumVisualStudioVersion = 10.0.40219.1
Project("{FAE04EC0-301F-11D3-BF4B-00C04F79EFBC}") = "SEESA_Assessment", "SEESA_Assessment.csproj", "{AD77B7FC-76D7-4CE2-A965-88B633630277}"
EndProject
Global
	GlobalSection(SolutionConfigurationPlatforms) = preSolution
		Debug|Any CPU = Debug|Any CPU
		Release|Any CPU = Release|Any CPU
	EndGlobalSection
	GlobalSection(ProjectConfigurationPlatforms) = postSolution
		{AD77B7FC-76D7-4CE2-A965-88B633630277}.Debug|Any CPU.ActiveCfg = Debug|Any CPU
		{AD77B7FC-76D7-4CE2-A965-88B633630277}.Debug|Any CPU.Build.0 = Debug|Any CPU
		{AD77B7FC-76D7-4CE2-A965-88B633630277}.Release|Any CPU.ActiveCfg = Release|Any CPU
		{AD77B7FC-76D7-4CE2-A965-88B633630277}.Release|Any CPU.Build.0 = Release|Any CPU
	EndGlobalSection
	GlobalSection(SolutionProperties) = preSolution
		HideSolutionNode = FALSE
	EndGlobalSection
	GlobalSection(ExtensibilityGlobals) = postSolution
		SolutionGuid = {7F935127-52CC-4B5F-AF89-5D450EEA89FF}
	EndGlobalSection
EndGlobal
